
Microsoft Visual Studio Solution File, Format Version 12.00
# Visual Studio 15
VisualStudioVersion = 15.0.26730.10
MinimumVisualStudioVersion = 10.0.40219.1
Project("{FAE04EC0-301F-11D3-BF4B-00C04F79EFBC}") = "jocs", "jocs\jocs.csproj", "{C464A5BD-FB8A-49AF-AF26-1BBFAB5B5FF9}"
EndProject
Global
	GlobalSection(SolutionConfigurationPlatforms) = preSolution
		Debug|Any CPU = Debug|Any CPU
		Release|Any CPU = Release|Any CPU
	EndGlobalSection
	GlobalSection(ProjectConfigurationPlatforms) = postSolution
		{C464A5BD-FB8A-49AF-AF26-1BBFAB5B5FF9}.Debug|Any CPU.ActiveCfg = Debug|Any CPU
		{C464A5BD-FB8A-49AF-AF26-1BBFAB5B5FF9}.Debug|Any CPU.Build.0 = Debug|Any CPU
		{C464A5BD-FB8A-49AF-AF26-1BBFAB5B5FF9}.Release|Any CPU.ActiveCfg = Release|Any CPU
		{C464A5BD-FB8A-49AF-AF26-1BBFAB5B5FF9}.Release|Any CPU.Build.0 = Release|Any CPU
	EndGlobalSection
	GlobalSection(SolutionProperties) = preSolution
		HideSolutionNode = FALSE
	EndGlobalSection
	GlobalSection(ExtensibilityGlobals) = postSolution
		SolutionGuid = {52DB690A-A48B-474A-97BB-CD9B222C656E}
	EndGlobalSection
EndGlobal
